// !$*UTF8*$!
{
	archiveVersion = 1;
	classes = {
	};
	objectVersion = 50;
	objects = {

/* Begin PBXBuildFile section */
		0B18805826DE97DE00C97C76 /* Colors.swift in Sources */ = {isa = PBXBuildFile; fileRef = 0B18805726DE97DE00C97C76 /* Colors.swift */; };
		7522350226665DD80043984F /* AppDelegate.swift in Sources */ = {isa = PBXBuildFile; fileRef = 7522350126665DD80043984F /* AppDelegate.swift */; };
		7522350626665DD80043984F /* MainViewController.swift in Sources */ = {isa = PBXBuildFile; fileRef = 7522350526665DD80043984F /* MainViewController.swift */; };
		7522350B26665DDA0043984F /* Assets.xcassets in Resources */ = {isa = PBXBuildFile; fileRef = 7522350A26665DDA0043984F /* Assets.xcassets */; };
		7522350E26665DDA0043984F /* LaunchScreen.storyboard in Resources */ = {isa = PBXBuildFile; fileRef = 7522350C26665DDA0043984F /* LaunchScreen.storyboard */; };
		75223518266660660043984F /* Model.swift in Sources */ = {isa = PBXBuildFile; fileRef = 75223517266660660043984F /* Model.swift */; };
		7522351B266663340043984F /* CollectionViewCell.swift in Sources */ = {isa = PBXBuildFile; fileRef = 7522351A266663340043984F /* CollectionViewCell.swift */; };
		7522351E266663AD0043984F /* Extensions.swift in Sources */ = {isa = PBXBuildFile; fileRef = 7522351D266663AD0043984F /* Extensions.swift */; };
		75223520266683FD0043984F /* NetworkRequest.swift in Sources */ = {isa = PBXBuildFile; fileRef = 7522351F266683FD0043984F /* NetworkRequest.swift */; };
		75223523266755610043984F /* ViewModel.swift in Sources */ = {isa = PBXBuildFile; fileRef = 75223522266755610043984F /* ViewModel.swift */; };
		752235252667618F0043984F /* DetailVC.swift in Sources */ = {isa = PBXBuildFile; fileRef = 752235242667618F0043984F /* DetailVC.swift */; };
		75223529266770D00043984F /* APIService.swift in Sources */ = {isa = PBXBuildFile; fileRef = 75223528266770D00043984F /* APIService.swift */; };
		7522352B2667966F0043984F /* DetailViewCell.swift in Sources */ = {isa = PBXBuildFile; fileRef = 7522352A2667966F0043984F /* DetailViewCell.swift */; };
		754B256126696EF300A4A0FE /* CountriesCache.swift in Sources */ = {isa = PBXBuildFile; fileRef = 754B256026696EF300A4A0FE /* CountriesCache.swift */; };
		754B25632669717600A4A0FE /* CacheAdapter.swift in Sources */ = {isa = PBXBuildFile; fileRef = 754B25622669717600A4A0FE /* CacheAdapter.swift */; };
		7593F41D2668EB2E003FA872 /* Covid19.xcdatamodeld in Sources */ = {isa = PBXBuildFile; fileRef = 7593F41B2668EB2E003FA872 /* Covid19.xcdatamodeld */; };
		7593F425266901F7003FA872 /* Countries+CoreDataClass.swift in Sources */ = {isa = PBXBuildFile; fileRef = 7593F423266901F7003FA872 /* Countries+CoreDataClass.swift */; };
		7593F426266901F7003FA872 /* Countries+CoreDataProperties.swift in Sources */ = {isa = PBXBuildFile; fileRef = 7593F424266901F7003FA872 /* Countries+CoreDataProperties.swift */; };
		75E9C8DD266DF497002D9DB8 /* RootVC.swift in Sources */ = {isa = PBXBuildFile; fileRef = 75E9C8DC266DF496002D9DB8 /* RootVC.swift */; };
/* End PBXBuildFile section */

/* Begin PBXFileReference section */
		0B18805726DE97DE00C97C76 /* Colors.swift */ = {isa = PBXFileReference; lastKnownFileType = sourcecode.swift; path = Colors.swift; sourceTree = "<group>"; };
		752234FE26665DD80043984F /* Covid19 app.app */ = {isa = PBXFileReference; explicitFileType = wrapper.application; includeInIndex = 0; path = "Covid19 app.app"; sourceTree = BUILT_PRODUCTS_DIR; };
		7522350126665DD80043984F /* AppDelegate.swift */ = {isa = PBXFileReference; lastKnownFileType = sourcecode.swift; path = AppDelegate.swift; sourceTree = "<group>"; };
		7522350526665DD80043984F /* MainViewController.swift */ = {isa = PBXFileReference; lastKnownFileType = sourcecode.swift; path = MainViewController.swift; sourceTree = "<group>"; };
		7522350A26665DDA0043984F /* Assets.xcassets */ = {isa = PBXFileReference; lastKnownFileType = folder.assetcatalog; path = Assets.xcassets; sourceTree = "<group>"; };
		7522350D26665DDA0043984F /* Base */ = {isa = PBXFileReference; lastKnownFileType = file.storyboard; name = Base; path = Base.lproj/LaunchScreen.storyboard; sourceTree = "<group>"; };
		7522350F26665DDA0043984F /* Info.plist */ = {isa = PBXFileReference; lastKnownFileType = text.plist.xml; path = Info.plist; sourceTree = "<group>"; };
		75223517266660660043984F /* Model.swift */ = {isa = PBXFileReference; lastKnownFileType = sourcecode.swift; path = Model.swift; sourceTree = "<group>"; };
		7522351A266663340043984F /* CollectionViewCell.swift */ = {isa = PBXFileReference; lastKnownFileType = sourcecode.swift; path = CollectionViewCell.swift; sourceTree = "<group>"; };
		7522351D266663AD0043984F /* Extensions.swift */ = {isa = PBXFileReference; lastKnownFileType = sourcecode.swift; path = Extensions.swift; sourceTree = "<group>"; };
		7522351F266683FD0043984F /* NetworkRequest.swift */ = {isa = PBXFileReference; lastKnownFileType = sourcecode.swift; path = NetworkRequest.swift; sourceTree = "<group>"; };
		75223522266755610043984F /* ViewModel.swift */ = {isa = PBXFileReference; lastKnownFileType = sourcecode.swift; path = ViewModel.swift; sourceTree = "<group>"; };
		752235242667618F0043984F /* DetailVC.swift */ = {isa = PBXFileReference; lastKnownFileType = sourcecode.swift; path = DetailVC.swift; sourceTree = "<group>"; };
		75223528266770D00043984F /* APIService.swift */ = {isa = PBXFileReference; lastKnownFileType = sourcecode.swift; path = APIService.swift; sourceTree = "<group>"; };
		7522352A2667966F0043984F /* DetailViewCell.swift */ = {isa = PBXFileReference; lastKnownFileType = sourcecode.swift; path = DetailViewCell.swift; sourceTree = "<group>"; };
		754B256026696EF300A4A0FE /* CountriesCache.swift */ = {isa = PBXFileReference; lastKnownFileType = sourcecode.swift; path = CountriesCache.swift; sourceTree = "<group>"; };
		754B25622669717600A4A0FE /* CacheAdapter.swift */ = {isa = PBXFileReference; lastKnownFileType = sourcecode.swift; path = CacheAdapter.swift; sourceTree = "<group>"; };
		7593F41C2668EB2E003FA872 /* Covid19.xcdatamodel */ = {isa = PBXFileReference; lastKnownFileType = wrapper.xcdatamodel; path = Covid19.xcdatamodel; sourceTree = "<group>"; };
		7593F423266901F7003FA872 /* Countries+CoreDataClass.swift */ = {isa = PBXFileReference; lastKnownFileType = sourcecode.swift; path = "Countries+CoreDataClass.swift"; sourceTree = "<group>"; };
		7593F424266901F7003FA872 /* Countries+CoreDataProperties.swift */ = {isa = PBXFileReference; lastKnownFileType = sourcecode.swift; path = "Countries+CoreDataProperties.swift"; sourceTree = "<group>"; };
		75E9C8DC266DF496002D9DB8 /* RootVC.swift */ = {isa = PBXFileReference; lastKnownFileType = sourcecode.swift; path = RootVC.swift; sourceTree = "<group>"; };
/* End PBXFileReference section */

/* Begin PBXFrameworksBuildPhase section */
		752234FB26665DD80043984F /* Frameworks */ = {
			isa = PBXFrameworksBuildPhase;
			buildActionMask = 2147483647;
			files = (
			);
			runOnlyForDeploymentPostprocessing = 0;
		};
/* End PBXFrameworksBuildPhase section */

/* Begin PBXGroup section */
		0B18805626DE97CB00C97C76 /* Constants */ = {
			isa = PBXGroup;
			children = (
				0B18805726DE97DE00C97C76 /* Colors.swift */,
			);
			path = Constants;
			sourceTree = "<group>";
		};
		752234F526665DD80043984F = {
			isa = PBXGroup;
			children = (
				7522350026665DD80043984F /* Covid19 app */,
				752234FF26665DD80043984F /* Products */,
			);
			sourceTree = "<group>";
		};
		752234FF26665DD80043984F /* Products */ = {
			isa = PBXGroup;
			children = (
				752234FE26665DD80043984F /* Covid19 app.app */,
			);
			name = Products;
			sourceTree = "<group>";
		};
		7522350026665DD80043984F /* Covid19 app */ = {
			isa = PBXGroup;
			children = (
				0B18805626DE97CB00C97C76 /* Constants */,
				75223521266755560043984F /* ViewModel */,
				75223516266660580043984F /* Model */,
				7593F41E2669018F003FA872 /* Core Data */,
				75223527266770BF0043984F /* Networking */,
				7522351C266663A00043984F /* Extensions */,
				75223519266663250043984F /* CellViews */,
				7522351526665FAF0043984F /* Support */,
				75223526266761940043984F /* ViewConttollers */,
				7522350F26665DDA0043984F /* Info.plist */,
				7593F41B2668EB2E003FA872 /* Covid19.xcdatamodeld */,
			);
			path = "Covid19 app";
			sourceTree = "<group>";
		};
		7522351526665FAF0043984F /* Support */ = {
			isa = PBXGroup;
			children = (
				7522350126665DD80043984F /* AppDelegate.swift */,
				7522350A26665DDA0043984F /* Assets.xcassets */,
				7522350C26665DDA0043984F /* LaunchScreen.storyboard */,
			);
			path = Support;
			sourceTree = "<group>";
		};
		75223516266660580043984F /* Model */ = {
			isa = PBXGroup;
			children = (
				75223517266660660043984F /* Model.swift */,
			);
			path = Model;
			sourceTree = "<group>";
		};
		75223519266663250043984F /* CellViews */ = {
			isa = PBXGroup;
			children = (
				7522351A266663340043984F /* CollectionViewCell.swift */,
				7522352A2667966F0043984F /* DetailViewCell.swift */,
			);
			path = CellViews;
			sourceTree = "<group>";
		};
		7522351C266663A00043984F /* Extensions */ = {
			isa = PBXGroup;
			children = (
				7522351D266663AD0043984F /* Extensions.swift */,
			);
			path = Extensions;
			sourceTree = "<group>";
		};
		75223521266755560043984F /* ViewModel */ = {
			isa = PBXGroup;
			children = (
				75223522266755610043984F /* ViewModel.swift */,
			);
			path = ViewModel;
			sourceTree = "<group>";
		};
		75223526266761940043984F /* ViewConttollers */ = {
			isa = PBXGroup;
			children = (
				75E9C8DC266DF496002D9DB8 /* RootVC.swift */,
				7522350526665DD80043984F /* MainViewController.swift */,
				752235242667618F0043984F /* DetailVC.swift */,
			);
			path = ViewConttollers;
			sourceTree = "<group>";
		};
		75223527266770BF0043984F /* Networking */ = {
			isa = PBXGroup;
			children = (
				7522351F266683FD0043984F /* NetworkRequest.swift */,
				75223528266770D00043984F /* APIService.swift */,
				754B25622669717600A4A0FE /* CacheAdapter.swift */,
			);
			path = Networking;
			sourceTree = "<group>";
		};
		7593F41E2669018F003FA872 /* Core Data */ = {
			isa = PBXGroup;
			children = (
				7593F423266901F7003FA872 /* Countries+CoreDataClass.swift */,
				7593F424266901F7003FA872 /* Countries+CoreDataProperties.swift */,
				754B256026696EF300A4A0FE /* CountriesCache.swift */,
			);
			path = "Core Data";
			sourceTree = "<group>";
		};
/* End PBXGroup section */

/* Begin PBXNativeTarget section */
		752234FD26665DD80043984F /* Covid19 app */ = {
			isa = PBXNativeTarget;
			buildConfigurationList = 7522351226665DDA0043984F /* Build configuration list for PBXNativeTarget "Covid19 app" */;
			buildPhases = (
				752234FA26665DD80043984F /* Sources */,
				752234FB26665DD80043984F /* Frameworks */,
				752234FC26665DD80043984F /* Resources */,
			);
			buildRules = (
			);
			dependencies = (
			);
			name = "Covid19 app";
			productName = "Covid19 app";
			productReference = 752234FE26665DD80043984F /* Covid19 app.app */;
			productType = "com.apple.product-type.application";
		};
/* End PBXNativeTarget section */

/* Begin PBXProject section */
		752234F626665DD80043984F /* Project object */ = {
			isa = PBXProject;
			attributes = {
				LastSwiftUpdateCheck = 1250;
				LastUpgradeCheck = 1250;
				TargetAttributes = {
					752234FD26665DD80043984F = {
						CreatedOnToolsVersion = 12.5;
					};
				};
			};
			buildConfigurationList = 752234F926665DD80043984F /* Build configuration list for PBXProject "Covid19 app" */;
			compatibilityVersion = "Xcode 9.3";
			developmentRegion = en;
			hasScannedForEncodings = 0;
			knownRegions = (
				en,
				Base,
			);
			mainGroup = 752234F526665DD80043984F;
			productRefGroup = 752234FF26665DD80043984F /* Products */;
			projectDirPath = "";
			projectRoot = "";
			targets = (
				752234FD26665DD80043984F /* Covid19 app */,
			);
		};
/* End PBXProject section */

/* Begin PBXResourcesBuildPhase section */
		752234FC26665DD80043984F /* Resources */ = {
			isa = PBXResourcesBuildPhase;
			buildActionMask = 2147483647;
			files = (
				7522350E26665DDA0043984F /* LaunchScreen.storyboard in Resources */,
				7522350B26665DDA0043984F /* Assets.xcassets in Resources */,
			);
			runOnlyForDeploymentPostprocessing = 0;
		};
/* End PBXResourcesBuildPhase section */

/* Begin PBXSourcesBuildPhase section */
		752234FA26665DD80043984F /* Sources */ = {
			isa = PBXSourcesBuildPhase;
			buildActionMask = 2147483647;
			files = (
				7593F426266901F7003FA872 /* Countries+CoreDataProperties.swift in Sources */,
				754B256126696EF300A4A0FE /* CountriesCache.swift in Sources */,
				7593F425266901F7003FA872 /* Countries+CoreDataClass.swift in Sources */,
				0B18805826DE97DE00C97C76 /* Colors.swift in Sources */,
				7522351E266663AD0043984F /* Extensions.swift in Sources */,
				75E9C8DD266DF497002D9DB8 /* RootVC.swift in Sources */,
				754B25632669717600A4A0FE /* CacheAdapter.swift in Sources */,
				75223518266660660043984F /* Model.swift in Sources */,
				7522350626665DD80043984F /* MainViewController.swift in Sources */,
				75223520266683FD0043984F /* NetworkRequest.swift in Sources */,
				7522351B266663340043984F /* CollectionViewCell.swift in Sources */,
				752235252667618F0043984F /* DetailVC.swift in Sources */,
				7593F41D2668EB2E003FA872 /* Covid19.xcdatamodeld in Sources */,
				7522350226665DD80043984F /* AppDelegate.swift in Sources */,
				7522352B2667966F0043984F /* DetailViewCell.swift in Sources */,
				75223529266770D00043984F /* APIService.swift in Sources */,
				75223523266755610043984F /* ViewModel.swift in Sources */,
			);
			runOnlyForDeploymentPostprocessing = 0;
		};
/* End PBXSourcesBuildPhase section */

/* Begin PBXVariantGroup section */
		7522350C26665DDA0043984F /* LaunchScreen.storyboard */ = {
			isa = PBXVariantGroup;
			children = (
				7522350D26665DDA0043984F /* Base */,
			);
			name = LaunchScreen.storyboard;
			sourceTree = "<group>";
		};
/* End PBXVariantGroup section */

/* Begin XCBuildConfiguration section */
		7522351026665DDA0043984F /* Debug */ = {
			isa = XCBuildConfiguration;
			buildSettings = {
				ALWAYS_SEARCH_USER_PATHS = NO;
				CLANG_ANALYZER_NONNULL = YES;
				CLANG_ANALYZER_NUMBER_OBJECT_CONVERSION = YES_AGGRESSIVE;
				CLANG_CXX_LANGUAGE_STANDARD = "gnu++14";
				CLANG_CXX_LIBRARY = "libc++";
				CLANG_ENABLE_MODULES = YES;
				CLANG_ENABLE_OBJC_ARC = YES;
				CLANG_ENABLE_OBJC_WEAK = YES;
				CLANG_WARN_BLOCK_CAPTURE_AUTORELEASING = YES;
				CLANG_WARN_BOOL_CONVERSION = YES;
				CLANG_WARN_COMMA = YES;
				CLANG_WARN_CONSTANT_CONVERSION = YES;
				CLANG_WARN_DEPRECATED_OBJC_IMPLEMENTATIONS = YES;
				CLANG_WARN_DIRECT_OBJC_ISA_USAGE = YES_ERROR;
				CLANG_WARN_DOCUMENTATION_COMMENTS = YES;
				CLANG_WARN_EMPTY_BODY = YES;
				CLANG_WARN_ENUM_CONVERSION = YES;
				CLANG_WARN_INFINITE_RECURSION = YES;
				CLANG_WARN_INT_CONVERSION = YES;
				CLANG_WARN_NON_LITERAL_NULL_CONVERSION = YES;
				CLANG_WARN_OBJC_IMPLICIT_RETAIN_SELF = YES;
				CLANG_WARN_OBJC_LITERAL_CONVERSION = YES;
				CLANG_WARN_OBJC_ROOT_CLASS = YES_ERROR;
				CLANG_WARN_QUOTED_INCLUDE_IN_FRAMEWORK_HEADER = YES;
				CLANG_WARN_RANGE_LOOP_ANALYSIS = YES;
				CLANG_WARN_STRICT_PROTOTYPES = YES;
				CLANG_WARN_SUSPICIOUS_MOVE = YES;
				CLANG_WARN_UNGUARDED_AVAILABILITY = YES_AGGRESSIVE;
				CLANG_WARN_UNREACHABLE_CODE = YES;
				CLANG_WARN__DUPLICATE_METHOD_MATCH = YES;
				COPY_PHASE_STRIP = NO;
				DEBUG_INFORMATION_FORMAT = dwarf;
				ENABLE_STRICT_OBJC_MSGSEND = YES;
				ENABLE_TESTABILITY = YES;
				GCC_C_LANGUAGE_STANDARD = gnu11;
				GCC_DYNAMIC_NO_PIC = NO;
				GCC_NO_COMMON_BLOCKS = YES;
				GCC_OPTIMIZATION_LEVEL = 0;
				GCC_PREPROCESSOR_DEFINITIONS = (
					"DEBUG=1",
					"$(inherited)",
				);
				GCC_WARN_64_TO_32_BIT_CONVERSION = YES;
				GCC_WARN_ABOUT_RETURN_TYPE = YES_ERROR;
				GCC_WARN_UNDECLARED_SELECTOR = YES;
				GCC_WARN_UNINITIALIZED_AUTOS = YES_AGGRESSIVE;
				GCC_WARN_UNUSED_FUNCTION = YES;
				GCC_WARN_UNUSED_VARIABLE = YES;
				IPHONEOS_DEPLOYMENT_TARGET = 11.0;
				MTL_ENABLE_DEBUG_INFO = INCLUDE_SOURCE;
				MTL_FAST_MATH = YES;
				ONLY_ACTIVE_ARCH = YES;
				SDKROOT = iphoneos;
				SWIFT_ACTIVE_COMPILATION_CONDITIONS = DEBUG;
				SWIFT_OPTIMIZATION_LEVEL = "-Onone";
			};
			name = Debug;
		};
		7522351126665DDA0043984F /* Release */ = {
			isa = XCBuildConfiguration;
			buildSettings = {
				ALWAYS_SEARCH_USER_PATHS = NO;
				CLANG_ANALYZER_NONNULL = YES;
				CLANG_ANALYZER_NUMBER_OBJECT_CONVERSION = YES_AGGRESSIVE;
				CLANG_CXX_LANGUAGE_STANDARD = "gnu++14";
				CLANG_CXX_LIBRARY = "libc++";
				CLANG_ENABLE_MODULES = YES;
				CLANG_ENABLE_OBJC_ARC = YES;
				CLANG_ENABLE_OBJC_WEAK = YES;
				CLANG_WARN_BLOCK_CAPTURE_AUTORELEASING = YES;
				CLANG_WARN_BOOL_CONVERSION = YES;
				CLANG_WARN_COMMA = YES;
				CLANG_WARN_CONSTANT_CONVERSION = YES;
				CLANG_WARN_DEPRECATED_OBJC_IMPLEMENTATIONS = YES;
				CLANG_WARN_DIRECT_OBJC_ISA_USAGE = YES_ERROR;
				CLANG_WARN_DOCUMENTATION_COMMENTS = YES;
				CLANG_WARN_EMPTY_BODY = YES;
				CLANG_WARN_ENUM_CONVERSION = YES;
				CLANG_WARN_INFINITE_RECURSION = YES;
				CLANG_WARN_INT_CONVERSION = YES;
				CLANG_WARN_NON_LITERAL_NULL_CONVERSION = YES;
				CLANG_WARN_OBJC_IMPLICIT_RETAIN_SELF = YES;
				CLANG_WARN_OBJC_LITERAL_CONVERSION = YES;
				CLANG_WARN_OBJC_ROOT_CLASS = YES_ERROR;
				CLANG_WARN_QUOTED_INCLUDE_IN_FRAMEWORK_HEADER = YES;
				CLANG_WARN_RANGE_LOOP_ANALYSIS = YES;
				CLANG_WARN_STRICT_PROTOTYPES = YES;
				CLANG_WARN_SUSPICIOUS_MOVE = YES;
				CLANG_WARN_UNGUARDED_AVAILABILITY = YES_AGGRESSIVE;
				CLANG_WARN_UNREACHABLE_CODE = YES;
				CLANG_WARN__DUPLICATE_METHOD_MATCH = YES;
				COPY_PHASE_STRIP = NO;
				DEBUG_INFORMATION_FORMAT = "dwarf-with-dsym";
				ENABLE_NS_ASSERTIONS = NO;
				ENABLE_STRICT_OBJC_MSGSEND = YES;
				GCC_C_LANGUAGE_STANDARD = gnu11;
				GCC_NO_COMMON_BLOCKS = YES;
				GCC_WARN_64_TO_32_BIT_CONVERSION = YES;
				GCC_WARN_ABOUT_RETURN_TYPE = YES_ERROR;
				GCC_WARN_UNDECLARED_SELECTOR = YES;
				GCC_WARN_UNINITIALIZED_AUTOS = YES_AGGRESSIVE;
				GCC_WARN_UNUSED_FUNCTION = YES;
				GCC_WARN_UNUSED_VARIABLE = YES;
				IPHONEOS_DEPLOYMENT_TARGET = 11.0;
				MTL_ENABLE_DEBUG_INFO = NO;
				MTL_FAST_MATH = YES;
				SDKROOT = iphoneos;
				SWIFT_COMPILATION_MODE = wholemodule;
				SWIFT_OPTIMIZATION_LEVEL = "-O";
				VALIDATE_PRODUCT = YES;
			};
			name = Release;
		};
		7522351326665DDA0043984F /* Debug */ = {
			isa = XCBuildConfiguration;
			buildSettings = {
				ASSETCATALOG_COMPILER_APPICON_NAME = AppIcon;
				ASSETCATALOG_COMPILER_GLOBAL_ACCENT_COLOR_NAME = AccentColor;
				CODE_SIGN_STYLE = Automatic;
				DEVELOPMENT_TEAM = U94JQYM8K6;
				INFOPLIST_FILE = "Covid19 app/Info.plist";
				IPHONEOS_DEPLOYMENT_TARGET = 11.0;
				LD_RUNPATH_SEARCH_PATHS = (
					"$(inherited)",
					"@executable_path/Frameworks",
				);
				PRODUCT_BUNDLE_IDENTIFIER = "davdevboo.Covid19-app";
				PRODUCT_NAME = "$(TARGET_NAME)";
				SWIFT_VERSION = 5.0;
				TARGETED_DEVICE_FAMILY = "1,2";
			};
			name = Debug;
		};
		7522351426665DDA0043984F /* Release */ = {
			isa = XCBuildConfiguration;
			buildSettings = {
				ASSETCATALOG_COMPILER_APPICON_NAME = AppIcon;
				ASSETCATALOG_COMPILER_GLOBAL_ACCENT_COLOR_NAME = AccentColor;
				CODE_SIGN_STYLE = Automatic;
				DEVELOPMENT_TEAM = U94JQYM8K6;
				INFOPLIST_FILE = "Covid19 app/Info.plist";
				IPHONEOS_DEPLOYMENT_TARGET = 11.0;
				LD_RUNPATH_SEARCH_PATHS = (
					"$(inherited)",
					"@executable_path/Frameworks",
				);
				PRODUCT_BUNDLE_IDENTIFIER = "davdevboo.Covid19-app";
				PRODUCT_NAME = "$(TARGET_NAME)";
				SWIFT_VERSION = 5.0;
				TARGETED_DEVICE_FAMILY = "1,2";
			};
			name = Release;
		};
/* End XCBuildConfiguration section */

/* Begin XCConfigurationList section */
		752234F926665DD80043984F /* Build configuration list for PBXProject "Covid19 app" */ = {
			isa = XCConfigurationList;
			buildConfigurations = (
				7522351026665DDA0043984F /* Debug */,
				7522351126665DDA0043984F /* Release */,
			);
			defaultConfigurationIsVisible = 0;
			defaultConfigurationName = Release;
		};
		7522351226665DDA0043984F /* Build configuration list for PBXNativeTarget "Covid19 app" */ = {
			isa = XCConfigurationList;
			buildConfigurations = (
				7522351326665DDA0043984F /* Debug */,
				7522351426665DDA0043984F /* Release */,
			);
			defaultConfigurationIsVisible = 0;
			defaultConfigurationName = Release;
		};
/* End XCConfigurationList section */

/* Begin XCVersionGroup section */
		7593F41B2668EB2E003FA872 /* Covid19.xcdatamodeld */ = {
			isa = XCVersionGroup;
			children = (
				7593F41C2668EB2E003FA872 /* Covid19.xcdatamodel */,
			);
			currentVersion = 7593F41C2668EB2E003FA872 /* Covid19.xcdatamodel */;
			path = Covid19.xcdatamodeld;
			sourceTree = "<group>";
			versionGroupType = wrapper.xcdatamodel;
		};
/* End XCVersionGroup section */
	};
	rootObject = 752234F626665DD80043984F /* Project object */;
}
